
Microsoft Visual Studio Solution File, Format Version 12.00
# Visual Studio Version 16
VisualStudioVersion = 16.0.31727.386
MinimumVisualStudioVersion = 10.0.40219.1
Project("{FAE04EC0-301F-11D3-BF4B-00C04F79EFBC}") = "NetGamingManagement", "NetGamingManagement\NetGamingManagement.csproj", "{A481EF96-C93A-4683-A70E-D63BC02E7219}"
EndProject
Global
	GlobalSection(SolutionConfigurationPlatforms) = preSolution
		Debug|Any CPU = Debug|Any CPU
		Release|Any CPU = Release|Any CPU
	EndGlobalSection
	GlobalSection(ProjectConfigurationPlatforms) = postSolution
		{A481EF96-C93A-4683-A70E-D63BC02E7219}.Debug|Any CPU.ActiveCfg = Debug|Any CPU
		{A481EF96-C93A-4683-A70E-D63BC02E7219}.Debug|Any CPU.Build.0 = Debug|Any CPU
		{A481EF96-C93A-4683-A70E-D63BC02E7219}.Release|Any CPU.ActiveCfg = Release|Any CPU
		{A481EF96-C93A-4683-A70E-D63BC02E7219}.Release|Any CPU.Build.0 = Release|Any CPU
	EndGlobalSection
	GlobalSection(SolutionProperties) = preSolution
		HideSolutionNode = FALSE
	EndGlobalSection
	GlobalSection(ExtensibilityGlobals) = postSolution
		SolutionGuid = {24FC8C3C-FEC8-4766-976C-172D1FC2A97D}
	EndGlobalSection
EndGlobal
